github.com/goghcrow/go-ansi v1.0.1 h1:ltEkCF0dcongBrJ6dF2XB6pLf7R8gPdhqusQU5Q+5QM=
github.com/goghcrow/go-ansi v1.0.1/go.mod h1:YbYHdqfxRRpBAuwz6ALgWOimYgL7L6pkZYFcDWNVNRE=
github.com/goghcrow/go-imports v0.0.2 h1:O0rHwcrNG9l2NwO4M7tytzv8vDrhvlvuLFdSoVpKDR0=
github.com/goghcrow/go-imports v0.0.2/go.mod h1:slrqmDs7/4xUoq0ygGkQ7CnE1xR04y7dwKBVr+J42ck=
github.com/goghcrow/go-loader v0.0.4-0.20240221113906-cab11067771f h1:etw5MeYe81d/1Hae9iUBMYFGf9I6gD84NR38RbgAc28=
github.com/goghcrow/go-loader v0.0.4-0.20240221113906-cab11067771f/go.mod h1:Jwk+b7diJUFjz5r/KQuhgb5+UuLSfoe6bb9XPTNp+Bs=
github.com/goghcrow/go-loader v0.0.4-0.20240224131405-cf9823d42905 h1:Ym+avcZGDJuRSHAJkbfX2MtKQlpnSKBtaOECcyCid54=
github.com/goghcrow/go-loader v0.0.4-0.20240224131405-cf9823d42905/go.mod h1:Jwk+b7diJUFjz5r/KQuhgb5+UuLSfoe6bb9XPTNp+Bs=
github.com/goghcrow/go-loader v0.0.4-0.20240301165551-a79085e95cdf h1:wThq6tYn0Vuf55ls81PKSyDYZOYa9L4qaqfRdAXcjvg=
github.com/goghcrow/go-loader v0.0.4-0.20240301165551-a79085e95cdf/go.mod h1:Jwk+b7diJUFjz5r/KQuhgb5+UuLSfoe6bb9XPTNp+Bs=
github.com/goghcrow/go-loader v0.0.4-0.20240307175704-ec16a89833d2 h1:t46MHE7x0YXRJWLCY6x186zKuIQ3zCyLDbQW71Tj6vI=
github.com/goghcrow/go-loader v0.0.4-0.20240307175704-ec16a89833d2/go.mod h1:Jwk+b7diJUFjz5r/KQuhgb5+UuLSfoe6bb9XPTNp+Bs=
github.com/goghcrow/go-matcher v0.0.5-0.20240221141643-a9ee478e49a2 h1:ZcBZEkw5rzVgjOo6yWXF79VurBzPFIPi5fTyo8mY2UQ=
github.com/goghcrow/go-matcher v0.0.5-0.20240221141643-a9ee478e49a2/go.mod h1:iHjdTemLoaPrEGyq8zQDIR0X6eeyWAYJCSx0kkoFjGw=
github.com/goghcrow/go-matcher v0.0.5-0.20240310164012-ee93b60d816d h1:ZUprt/CQsrbc/bvbCzlNYkrQ+2PaBJm2UwCZWUTuVs0=
github.com/goghcrow/go-matcher v0.0.5-0.20240310164012-ee93b60d816d/go.mod h1:iHjdTemLoaPrEGyq8zQDIR0X6eeyWAYJCSx0kkoFjGw=
golang.org/x/mod v0.15.0 h1:SernR4v+D55NyBH2QiEQrlBAnj1ECL6AGrA5+dPaMY8=
golang.org/x/mod v0.15.0/go.mod h1:hTbmBsO62+eylJbnUtE2MGJUyE7QWk4xUqPFrRgJ+7c=
golang.org/x/sync v0.6.0 h1:5BMeUDZ7vkXGfEr1x9B4bRcTH4lpkTkpdh0T/J+qjbQ=
golang.org/x/tools v0.18.0 h1:k8NLag8AGHnn+PHbl7g43CtqZAwG60vZkLqgyZgIHgQ=
golang.org/x/tools v0.18.0/go.mod h1:GL7B4CwcLLeo59yx/9UWWuNOW1n3VZ4f5axWfML7Lcg=
